
Microsoft Visual Studio Solution File, Format Version 12.00
# Visual Studio Version 16
VisualStudioVersion = 16.0.30621.155
MinimumVisualStudioVersion = 10.0.40219.1
Project("{9A19103F-16F7-4668-BE54-9A1E7A4F7556}") = "LinxServiceProxy", "LinxServiceProxy\LinxServiceProxy.csproj", "{69EE9C7D-AC57-4C66-8EB9-AA268E3CD556}"
EndProject
Project("{9A19103F-16F7-4668-BE54-9A1E7A4F7556}") = "LinxTest", "LinxTest\LinxTest.csproj", "{456FA72C-FB98-428B-9F0F-75EB5A99614A}"
EndProject
Project("{9A19103F-16F7-4668-BE54-9A1E7A4F7556}") = "ChangeDetectInterface", "ChangeDetectInterface\ChangeDetectInterface.csproj", "{56C14046-FA6A-44B2-AA76-6B9407C08CAF}"
EndProject
Project("{9A19103F-16F7-4668-BE54-9A1E7A4F7556}") = "MonitorDemo", "MonitorDemo\MonitorDemo.csproj", "{E6FB31CF-AD99-414F-86A1-ECC6DCC25E39}"
EndProject
Global
	GlobalSection(SolutionConfigurationPlatforms) = preSolution
		Debug|Any CPU = Debug|Any CPU
		Debug|x86 = Debug|x86
		Release|Any CPU = Release|Any CPU
		Release|x86 = Release|x86
	EndGlobalSection
	GlobalSection(ProjectConfigurationPlatforms) = postSolution
		{69EE9C7D-AC57-4C66-8EB9-AA268E3CD556}.Debug|Any CPU.ActiveCfg = Debug|Any CPU
		{69EE9C7D-AC57-4C66-8EB9-AA268E3CD556}.Debug|Any CPU.Build.0 = Debug|Any CPU
		{69EE9C7D-AC57-4C66-8EB9-AA268E3CD556}.Debug|x86.ActiveCfg = Debug|x86
		{69EE9C7D-AC57-4C66-8EB9-AA268E3CD556}.Debug|x86.Build.0 = Debug|x86
		{69EE9C7D-AC57-4C66-8EB9-AA268E3CD556}.Release|Any CPU.ActiveCfg = Release|Any CPU
		{69EE9C7D-AC57-4C66-8EB9-AA268E3CD556}.Release|Any CPU.Build.0 = Release|Any CPU
		{69EE9C7D-AC57-4C66-8EB9-AA268E3CD556}.Release|x86.ActiveCfg = Release|x86
		{69EE9C7D-AC57-4C66-8EB9-AA268E3CD556}.Release|x86.Build.0 = Release|x86
		{456FA72C-FB98-428B-9F0F-75EB5A99614A}.Debug|Any CPU.ActiveCfg = Debug|Any CPU
		{456FA72C-FB98-428B-9F0F-75EB5A99614A}.Debug|Any CPU.Build.0 = Debug|Any CPU
		{456FA72C-FB98-428B-9F0F-75EB5A99614A}.Debug|x86.ActiveCfg = Debug|x86
		{456FA72C-FB98-428B-9F0F-75EB5A99614A}.Debug|x86.Build.0 = Debug|x86
		{456FA72C-FB98-428B-9F0F-75EB5A99614A}.Release|Any CPU.ActiveCfg = Release|Any CPU
		{456FA72C-FB98-428B-9F0F-75EB5A99614A}.Release|Any CPU.Build.0 = Release|Any CPU
		{456FA72C-FB98-428B-9F0F-75EB5A99614A}.Release|x86.ActiveCfg = Release|x86
		{456FA72C-FB98-428B-9F0F-75EB5A99614A}.Release|x86.Build.0 = Release|x86
		{56C14046-FA6A-44B2-AA76-6B9407C08CAF}.Debug|Any CPU.ActiveCfg = Debug|Any CPU
		{56C14046-FA6A-44B2-AA76-6B9407C08CAF}.Debug|Any CPU.Build.0 = Debug|Any CPU
		{56C14046-FA6A-44B2-AA76-6B9407C08CAF}.Debug|x86.ActiveCfg = Debug|x86
		{56C14046-FA6A-44B2-AA76-6B9407C08CAF}.Debug|x86.Build.0 = Debug|x86
		{56C14046-FA6A-44B2-AA76-6B9407C08CAF}.Release|Any CPU.ActiveCfg = Release|Any CPU
		{56C14046-FA6A-44B2-AA76-6B9407C08CAF}.Release|Any CPU.Build.0 = Release|Any CPU
		{56C14046-FA6A-44B2-AA76-6B9407C08CAF}.Release|x86.ActiveCfg = Release|x86
		{56C14046-FA6A-44B2-AA76-6B9407C08CAF}.Release|x86.Build.0 = Release|x86
		{E6FB31CF-AD99-414F-86A1-ECC6DCC25E39}.Debug|Any CPU.ActiveCfg = Debug|Any CPU
		{E6FB31CF-AD99-414F-86A1-ECC6DCC25E39}.Debug|Any CPU.Build.0 = Debug|Any CPU
		{E6FB31CF-AD99-414F-86A1-ECC6DCC25E39}.Debug|x86.ActiveCfg = Debug|x86
		{E6FB31CF-AD99-414F-86A1-ECC6DCC25E39}.Debug|x86.Build.0 = Debug|x86
		{E6FB31CF-AD99-414F-86A1-ECC6DCC25E39}.Release|Any CPU.ActiveCfg = Release|Any CPU
		{E6FB31CF-AD99-414F-86A1-ECC6DCC25E39}.Release|Any CPU.Build.0 = Release|Any CPU
		{E6FB31CF-AD99-414F-86A1-ECC6DCC25E39}.Release|x86.ActiveCfg = Release|x86
		{E6FB31CF-AD99-414F-86A1-ECC6DCC25E39}.Release|x86.Build.0 = Release|x86
	EndGlobalSection
	GlobalSection(SolutionProperties) = preSolution
		HideSolutionNode = FALSE
	EndGlobalSection
	GlobalSection(ExtensibilityGlobals) = postSolution
		SolutionGuid = {EAA032BC-E45A-46BA-A999-A60CA5DBE795}
	EndGlobalSection
EndGlobal
